
Microsoft Visual Studio Solution File, Format Version 12.00
# Visual Studio Version 17
VisualStudioVersion = 17.0.31903.59
MinimumVisualStudioVersion = 10.0.40219.1
Project("{2150E333-8FDC-42A3-9474-1A3956D46DE8}") = "Solution Items", "Solution Items", "{3DED1BB7-E554-41EC-8C8C-CFBA2BBAC3AA}"
	ProjectSection(SolutionItems) = preProject
		.editorconfig = .editorconfig
	EndProjectSection
EndProject
Project("{2150E333-8FDC-42A3-9474-1A3956D46DE8}") = "Catalog", "Catalog", "{C0325F12-0736-4318-96FE-FB685C24C441}"
EndProject
Project("{2150E333-8FDC-42A3-9474-1A3956D46DE8}") = "src", "src", "{2D2EC020-A2E8-4852-B4DF-12033A9D0316}"
EndProject
Project("{2150E333-8FDC-42A3-9474-1A3956D46DE8}") = "Services", "Services", "{64044EE4-A56A-4BBC-ADF7-5E2CD3E84ED3}"
EndProject
Project("{9A19103F-16F7-4668-BE54-9A1E7A4F7556}") = "Domain", "Catalog\src\Domain\Domain.csproj", "{FAE86C5F-765B-420A-9773-6EF8C9728723}"
EndProject
Project("{9A19103F-16F7-4668-BE54-9A1E7A4F7556}") = "Infrastructure", "Catalog\src\Infrastructure\Infrastructure.csproj", "{76462CB0-246B-490F-8AEA-CDF467A6523C}"
EndProject
Project("{9A19103F-16F7-4668-BE54-9A1E7A4F7556}") = "Application", "Catalog\src\Application\Application.csproj", "{88435804-407E-445E-B71D-5BC9B90A057B}"
EndProject
Project("{9A19103F-16F7-4668-BE54-9A1E7A4F7556}") = "WebApi", "Catalog\src\WebApi\WebApi.csproj", "{A31ADA25-C1DE-4238-9893-3E5366F61863}"
EndProject
Project("{2150E333-8FDC-42A3-9474-1A3956D46DE8}") = "tests", "tests", "{9D70E544-2FC8-43BB-88BD-C188796774B5}"
EndProject
Project("{2150E333-8FDC-42A3-9474-1A3956D46DE8}") = "Services", "Services", "{C10E90C6-F5CA-4508-B02A-D438F3108BA7}"
EndProject
Project("{2150E333-8FDC-42A3-9474-1A3956D46DE8}") = "Catalog", "Catalog", "{C9140550-A595-4112-8070-C3542142F580}"
EndProject
Project("{2150E333-8FDC-42A3-9474-1A3956D46DE8}") = "Carting", "Carting", "{7E504D3B-2FB1-4A11-84A2-386C0793D5B0}"
EndProject
Project("{2150E333-8FDC-42A3-9474-1A3956D46DE8}") = "Carting", "Carting", "{17F168B3-BD1E-4A92-B67C-2D99B0907267}"
EndProject
Project("{9A19103F-16F7-4668-BE54-9A1E7A4F7556}") = "WebApi", "Carting\src\WebApi\WebApi.csproj", "{D00D7BA6-143E-41B6-9F47-52969654C245}"
EndProject
Project("{9A19103F-16F7-4668-BE54-9A1E7A4F7556}") = "Application.IntegrationTests", "Carting\tests\Application.IntegrationTests\Application.IntegrationTests.csproj", "{2DE4660A-13E5-47DC-865C-5EE759B4C1F3}"
EndProject
Project("{9A19103F-16F7-4668-BE54-9A1E7A4F7556}") = "Application.UnitTests", "Carting\tests\Application.UnitTests\Application.UnitTests.csproj", "{9D7DA4BA-BD8D-4486-90AC-7ABE2CBDE578}"
EndProject
Project("{9A19103F-16F7-4668-BE54-9A1E7A4F7556}") = "Domain.UnitTests", "Carting\tests\Domain.UnitTests\Domain.UnitTests.csproj", "{52BDBD6F-F89E-492B-B584-0624BFDDB192}"
EndProject
Project("{9A19103F-16F7-4668-BE54-9A1E7A4F7556}") = "Domain.UnitTests", "Catalog\tests\Domain.UnitTests\Domain.UnitTests.csproj", "{CCC961FF-AEB4-4D6E-8F63-8A8400F43A8C}"
EndProject
Project("{9A19103F-16F7-4668-BE54-9A1E7A4F7556}") = "Application.UnitTests", "Catalog\tests\Application.UnitTests\Application.UnitTests.csproj", "{CD0B542F-C22D-4A43-9E7E-C80C06C7D01E}"
EndProject
Project("{9A19103F-16F7-4668-BE54-9A1E7A4F7556}") = "Application.IntegrationTests", "Catalog\tests\Application.IntegrationTests\Application.IntegrationTests.csproj", "{A83AEED8-7B61-4AE8-8D1F-619898EE395D}"
EndProject
Project("{2150E333-8FDC-42A3-9474-1A3956D46DE8}") = "Contracts", "Contracts", "{4CC22E0E-659F-4772-A1D1-14F47959398E}"
EndProject
Project("{9A19103F-16F7-4668-BE54-9A1E7A4F7556}") = "Messaging.Contracts", "Contracts\Messaging.Contracts\Messaging.Contracts.csproj", "{681E18CB-88DE-452E-8BB0-835B2E6F125A}"
EndProject
Project("{2150E333-8FDC-42A3-9474-1A3956D46DE8}") = "Identity", "Identity", "{871B13E9-D410-4107-83C9-FC740B61BA6A}"
EndProject
Project("{9A19103F-16F7-4668-BE54-9A1E7A4F7556}") = "IdentityServer", "Identity\src\IdentityServer\IdentityServer.csproj", "{DFC5EA31-F12F-41CC-A0C6-AFC3811B33E8}"
EndProject
Project("{9A19103F-16F7-4668-BE54-9A1E7A4F7556}") = "IdentityClient", "Identity\src\IdentityClient\IdentityClient.csproj", "{8DA7D9BD-05C2-4724-A2D7-9035B337371F}"
EndProject
Project("{9A19103F-16F7-4668-BE54-9A1E7A4F7556}") = "Catalog.GraphQL", "Catalog\src\Catalog.GraphQL\Catalog.GraphQL.csproj", "{902FA65C-284D-4E82-8BF6-082F7460E544}"
EndProject
Global
	GlobalSection(SolutionConfigurationPlatforms) = preSolution
		Debug|Any CPU = Debug|Any CPU
		Release|Any CPU = Release|Any CPU
	EndGlobalSection
	GlobalSection(ProjectConfigurationPlatforms) = postSolution
		{FAE86C5F-765B-420A-9773-6EF8C9728723}.Debug|Any CPU.ActiveCfg = Debug|Any CPU
		{FAE86C5F-765B-420A-9773-6EF8C9728723}.Debug|Any CPU.Build.0 = Debug|Any CPU
		{FAE86C5F-765B-420A-9773-6EF8C9728723}.Release|Any CPU.ActiveCfg = Release|Any CPU
		{FAE86C5F-765B-420A-9773-6EF8C9728723}.Release|Any CPU.Build.0 = Release|Any CPU
		{76462CB0-246B-490F-8AEA-CDF467A6523C}.Debug|Any CPU.ActiveCfg = Debug|Any CPU
		{76462CB0-246B-490F-8AEA-CDF467A6523C}.Debug|Any CPU.Build.0 = Debug|Any CPU
		{76462CB0-246B-490F-8AEA-CDF467A6523C}.Release|Any CPU.ActiveCfg = Release|Any CPU
		{76462CB0-246B-490F-8AEA-CDF467A6523C}.Release|Any CPU.Build.0 = Release|Any CPU
		{88435804-407E-445E-B71D-5BC9B90A057B}.Debug|Any CPU.ActiveCfg = Debug|Any CPU
		{88435804-407E-445E-B71D-5BC9B90A057B}.Debug|Any CPU.Build.0 = Debug|Any CPU
		{88435804-407E-445E-B71D-5BC9B90A057B}.Release|Any CPU.ActiveCfg = Release|Any CPU
		{88435804-407E-445E-B71D-5BC9B90A057B}.Release|Any CPU.Build.0 = Release|Any CPU
		{A31ADA25-C1DE-4238-9893-3E5366F61863}.Debug|Any CPU.ActiveCfg = Debug|Any CPU
		{A31ADA25-C1DE-4238-9893-3E5366F61863}.Debug|Any CPU.Build.0 = Debug|Any CPU
		{A31ADA25-C1DE-4238-9893-3E5366F61863}.Release|Any CPU.ActiveCfg = Release|Any CPU
		{A31ADA25-C1DE-4238-9893-3E5366F61863}.Release|Any CPU.Build.0 = Release|Any CPU
		{D00D7BA6-143E-41B6-9F47-52969654C245}.Debug|Any CPU.ActiveCfg = Debug|Any CPU
		{D00D7BA6-143E-41B6-9F47-52969654C245}.Debug|Any CPU.Build.0 = Debug|Any CPU
		{D00D7BA6-143E-41B6-9F47-52969654C245}.Release|Any CPU.ActiveCfg = Release|Any CPU
		{D00D7BA6-143E-41B6-9F47-52969654C245}.Release|Any CPU.Build.0 = Release|Any CPU
		{2DE4660A-13E5-47DC-865C-5EE759B4C1F3}.Debug|Any CPU.ActiveCfg = Debug|Any CPU
		{2DE4660A-13E5-47DC-865C-5EE759B4C1F3}.Debug|Any CPU.Build.0 = Debug|Any CPU
		{2DE4660A-13E5-47DC-865C-5EE759B4C1F3}.Release|Any CPU.ActiveCfg = Release|Any CPU
		{2DE4660A-13E5-47DC-865C-5EE759B4C1F3}.Release|Any CPU.Build.0 = Release|Any CPU
		{9D7DA4BA-BD8D-4486-90AC-7ABE2CBDE578}.Debug|Any CPU.ActiveCfg = Debug|Any CPU
		{9D7DA4BA-BD8D-4486-90AC-7ABE2CBDE578}.Debug|Any CPU.Build.0 = Debug|Any CPU
		{9D7DA4BA-BD8D-4486-90AC-7ABE2CBDE578}.Release|Any CPU.ActiveCfg = Release|Any CPU
		{9D7DA4BA-BD8D-4486-90AC-7ABE2CBDE578}.Release|Any CPU.Build.0 = Release|Any CPU
		{52BDBD6F-F89E-492B-B584-0624BFDDB192}.Debug|Any CPU.ActiveCfg = Debug|Any CPU
		{52BDBD6F-F89E-492B-B584-0624BFDDB192}.Debug|Any CPU.Build.0 = Debug|Any CPU
		{52BDBD6F-F89E-492B-B584-0624BFDDB192}.Release|Any CPU.ActiveCfg = Release|Any CPU
		{52BDBD6F-F89E-492B-B584-0624BFDDB192}.Release|Any CPU.Build.0 = Release|Any CPU
		{CCC961FF-AEB4-4D6E-8F63-8A8400F43A8C}.Debug|Any CPU.ActiveCfg = Debug|Any CPU
		{CCC961FF-AEB4-4D6E-8F63-8A8400F43A8C}.Debug|Any CPU.Build.0 = Debug|Any CPU
		{CCC961FF-AEB4-4D6E-8F63-8A8400F43A8C}.Release|Any CPU.ActiveCfg = Release|Any CPU
		{CCC961FF-AEB4-4D6E-8F63-8A8400F43A8C}.Release|Any CPU.Build.0 = Release|Any CPU
		{CD0B542F-C22D-4A43-9E7E-C80C06C7D01E}.Debug|Any CPU.ActiveCfg = Debug|Any CPU
		{CD0B542F-C22D-4A43-9E7E-C80C06C7D01E}.Debug|Any CPU.Build.0 = Debug|Any CPU
		{CD0B542F-C22D-4A43-9E7E-C80C06C7D01E}.Release|Any CPU.ActiveCfg = Release|Any CPU
		{CD0B542F-C22D-4A43-9E7E-C80C06C7D01E}.Release|Any CPU.Build.0 = Release|Any CPU
		{A83AEED8-7B61-4AE8-8D1F-619898EE395D}.Debug|Any CPU.ActiveCfg = Debug|Any CPU
		{A83AEED8-7B61-4AE8-8D1F-619898EE395D}.Debug|Any CPU.Build.0 = Debug|Any CPU
		{A83AEED8-7B61-4AE8-8D1F-619898EE395D}.Release|Any CPU.ActiveCfg = Release|Any CPU
		{A83AEED8-7B61-4AE8-8D1F-619898EE395D}.Release|Any CPU.Build.0 = Release|Any CPU
		{681E18CB-88DE-452E-8BB0-835B2E6F125A}.Debug|Any CPU.ActiveCfg = Debug|Any CPU
		{681E18CB-88DE-452E-8BB0-835B2E6F125A}.Debug|Any CPU.Build.0 = Debug|Any CPU
		{681E18CB-88DE-452E-8BB0-835B2E6F125A}.Release|Any CPU.ActiveCfg = Release|Any CPU
		{681E18CB-88DE-452E-8BB0-835B2E6F125A}.Release|Any CPU.Build.0 = Release|Any CPU
		{DFC5EA31-F12F-41CC-A0C6-AFC3811B33E8}.Debug|Any CPU.ActiveCfg = Debug|Any CPU
		{DFC5EA31-F12F-41CC-A0C6-AFC3811B33E8}.Debug|Any CPU.Build.0 = Debug|Any CPU
		{DFC5EA31-F12F-41CC-A0C6-AFC3811B33E8}.Release|Any CPU.ActiveCfg = Release|Any CPU
		{DFC5EA31-F12F-41CC-A0C6-AFC3811B33E8}.Release|Any CPU.Build.0 = Release|Any CPU
		{8DA7D9BD-05C2-4724-A2D7-9035B337371F}.Debug|Any CPU.ActiveCfg = Debug|Any CPU
		{8DA7D9BD-05C2-4724-A2D7-9035B337371F}.Debug|Any CPU.Build.0 = Debug|Any CPU
		{8DA7D9BD-05C2-4724-A2D7-9035B337371F}.Release|Any CPU.ActiveCfg = Release|Any CPU
		{8DA7D9BD-05C2-4724-A2D7-9035B337371F}.Release|Any CPU.Build.0 = Release|Any CPU
		{902FA65C-284D-4E82-8BF6-082F7460E544}.Debug|Any CPU.ActiveCfg = Debug|Any CPU
		{902FA65C-284D-4E82-8BF6-082F7460E544}.Debug|Any CPU.Build.0 = Debug|Any CPU
		{902FA65C-284D-4E82-8BF6-082F7460E544}.Release|Any CPU.ActiveCfg = Release|Any CPU
		{902FA65C-284D-4E82-8BF6-082F7460E544}.Release|Any CPU.Build.0 = Release|Any CPU
	EndGlobalSection
	GlobalSection(SolutionProperties) = preSolution
		HideSolutionNode = FALSE
	EndGlobalSection
	GlobalSection(NestedProjects) = preSolution
		{C0325F12-0736-4318-96FE-FB685C24C441} = {64044EE4-A56A-4BBC-ADF7-5E2CD3E84ED3}
		{64044EE4-A56A-4BBC-ADF7-5E2CD3E84ED3} = {2D2EC020-A2E8-4852-B4DF-12033A9D0316}
		{FAE86C5F-765B-420A-9773-6EF8C9728723} = {C0325F12-0736-4318-96FE-FB685C24C441}
		{76462CB0-246B-490F-8AEA-CDF467A6523C} = {C0325F12-0736-4318-96FE-FB685C24C441}
		{88435804-407E-445E-B71D-5BC9B90A057B} = {C0325F12-0736-4318-96FE-FB685C24C441}
		{A31ADA25-C1DE-4238-9893-3E5366F61863} = {C0325F12-0736-4318-96FE-FB685C24C441}
		{C10E90C6-F5CA-4508-B02A-D438F3108BA7} = {9D70E544-2FC8-43BB-88BD-C188796774B5}
		{C9140550-A595-4112-8070-C3542142F580} = {C10E90C6-F5CA-4508-B02A-D438F3108BA7}
		{7E504D3B-2FB1-4A11-84A2-386C0793D5B0} = {C10E90C6-F5CA-4508-B02A-D438F3108BA7}
		{17F168B3-BD1E-4A92-B67C-2D99B0907267} = {64044EE4-A56A-4BBC-ADF7-5E2CD3E84ED3}
		{D00D7BA6-143E-41B6-9F47-52969654C245} = {17F168B3-BD1E-4A92-B67C-2D99B0907267}
		{2DE4660A-13E5-47DC-865C-5EE759B4C1F3} = {7E504D3B-2FB1-4A11-84A2-386C0793D5B0}
		{9D7DA4BA-BD8D-4486-90AC-7ABE2CBDE578} = {7E504D3B-2FB1-4A11-84A2-386C0793D5B0}
		{52BDBD6F-F89E-492B-B584-0624BFDDB192} = {7E504D3B-2FB1-4A11-84A2-386C0793D5B0}
		{CCC961FF-AEB4-4D6E-8F63-8A8400F43A8C} = {C9140550-A595-4112-8070-C3542142F580}
		{CD0B542F-C22D-4A43-9E7E-C80C06C7D01E} = {C9140550-A595-4112-8070-C3542142F580}
		{A83AEED8-7B61-4AE8-8D1F-619898EE395D} = {C9140550-A595-4112-8070-C3542142F580}
		{4CC22E0E-659F-4772-A1D1-14F47959398E} = {2D2EC020-A2E8-4852-B4DF-12033A9D0316}
		{681E18CB-88DE-452E-8BB0-835B2E6F125A} = {4CC22E0E-659F-4772-A1D1-14F47959398E}
		{871B13E9-D410-4107-83C9-FC740B61BA6A} = {64044EE4-A56A-4BBC-ADF7-5E2CD3E84ED3}
		{DFC5EA31-F12F-41CC-A0C6-AFC3811B33E8} = {871B13E9-D410-4107-83C9-FC740B61BA6A}
		{8DA7D9BD-05C2-4724-A2D7-9035B337371F} = {871B13E9-D410-4107-83C9-FC740B61BA6A}
		{902FA65C-284D-4E82-8BF6-082F7460E544} = {C0325F12-0736-4318-96FE-FB685C24C441}
	EndGlobalSection
	GlobalSection(ExtensibilityGlobals) = postSolution
		SolutionGuid = {3CB609D9-5D54-4C11-A371-DAAC8B74E430}
	EndGlobalSection
EndGlobal
